
Microsoft Visual Studio Solution File, Format Version 12.00
# Visual Studio Version 16
VisualStudioVersion = 16.0.31402.337
MinimumVisualStudioVersion = 10.0.40219.1
Project("{FAE04EC0-301F-11D3-BF4B-00C04F79EFBC}") = "Helloworldwindows", "Helloworldwindows.csproj", "{1AD05EAD-4869-453C-B091-87A16EECF106}"
EndProject
Global
	GlobalSection(SolutionConfigurationPlatforms) = preSolution
		Debug|Any CPU = Debug|Any CPU
		Release|Any CPU = Release|Any CPU
	EndGlobalSection
	GlobalSection(ProjectConfigurationPlatforms) = postSolution
		{1AD05EAD-4869-453C-B091-87A16EECF106}.Debug|Any CPU.ActiveCfg = Debug|Any CPU
		{1AD05EAD-4869-453C-B091-87A16EECF106}.Debug|Any CPU.Build.0 = Debug|Any CPU
		{1AD05EAD-4869-453C-B091-87A16EECF106}.Release|Any CPU.ActiveCfg = Release|Any CPU
		{1AD05EAD-4869-453C-B091-87A16EECF106}.Release|Any CPU.Build.0 = Release|Any CPU
	EndGlobalSection
	GlobalSection(SolutionProperties) = preSolution
		HideSolutionNode = FALSE
	EndGlobalSection
	GlobalSection(ExtensibilityGlobals) = postSolution
		SolutionGuid = {69CA62F9-DE0D-4FC7-AABE-F2CECC73119F}
	EndGlobalSection
EndGlobal
