
Microsoft Visual Studio Solution File, Format Version 12.00
# Visual Studio Version 16
VisualStudioVersion = 16.0.31402.337
MinimumVisualStudioVersion = 10.0.40219.1
Project("{FAE04EC0-301F-11D3-BF4B-00C04F79EFBC}") = "Loja.UI", "Loja.UI.csproj", "{103B3258-6533-4F3A-AFC0-64764217A081}"
EndProject
Project("{FAE04EC0-301F-11D3-BF4B-00C04F79EFBC}") = "Loja.BLL", "..\Loja.BLL\Loja.BLL.csproj", "{39D66379-3E59-4682-B602-437014CFF277}"
EndProject
Project("{FAE04EC0-301F-11D3-BF4B-00C04F79EFBC}") = "Loja.DTO", "..\DTO\Loja.DTO.csproj", "{10B7E063-9A47-42FD-A014-F48112B9499B}"
EndProject
Project("{FAE04EC0-301F-11D3-BF4B-00C04F79EFBC}") = "Loja.DAL", "..\Loja.DAL\Loja.DAL.csproj", "{6409FDFC-3F42-47D1-8A72-AF4BB0689DB2}"
EndProject
Global
	GlobalSection(SolutionConfigurationPlatforms) = preSolution
		Debug|Any CPU = Debug|Any CPU
		Release|Any CPU = Release|Any CPU
	EndGlobalSection
	GlobalSection(ProjectConfigurationPlatforms) = postSolution
		{103B3258-6533-4F3A-AFC0-64764217A081}.Debug|Any CPU.ActiveCfg = Debug|Any CPU
		{103B3258-6533-4F3A-AFC0-64764217A081}.Debug|Any CPU.Build.0 = Debug|Any CPU
		{103B3258-6533-4F3A-AFC0-64764217A081}.Release|Any CPU.ActiveCfg = Release|Any CPU
		{103B3258-6533-4F3A-AFC0-64764217A081}.Release|Any CPU.Build.0 = Release|Any CPU
		{39D66379-3E59-4682-B602-437014CFF277}.Debug|Any CPU.ActiveCfg = Debug|Any CPU
		{39D66379-3E59-4682-B602-437014CFF277}.Debug|Any CPU.Build.0 = Debug|Any CPU
		{39D66379-3E59-4682-B602-437014CFF277}.Release|Any CPU.ActiveCfg = Release|Any CPU
		{39D66379-3E59-4682-B602-437014CFF277}.Release|Any CPU.Build.0 = Release|Any CPU
		{10B7E063-9A47-42FD-A014-F48112B9499B}.Debug|Any CPU.ActiveCfg = Debug|Any CPU
		{10B7E063-9A47-42FD-A014-F48112B9499B}.Debug|Any CPU.Build.0 = Debug|Any CPU
		{10B7E063-9A47-42FD-A014-F48112B9499B}.Release|Any CPU.ActiveCfg = Release|Any CPU
		{10B7E063-9A47-42FD-A014-F48112B9499B}.Release|Any CPU.Build.0 = Release|Any CPU
		{6409FDFC-3F42-47D1-8A72-AF4BB0689DB2}.Debug|Any CPU.ActiveCfg = Debug|Any CPU
		{6409FDFC-3F42-47D1-8A72-AF4BB0689DB2}.Debug|Any CPU.Build.0 = Debug|Any CPU
		{6409FDFC-3F42-47D1-8A72-AF4BB0689DB2}.Release|Any CPU.ActiveCfg = Release|Any CPU
		{6409FDFC-3F42-47D1-8A72-AF4BB0689DB2}.Release|Any CPU.Build.0 = Release|Any CPU
	EndGlobalSection
	GlobalSection(SolutionProperties) = preSolution
		HideSolutionNode = FALSE
	EndGlobalSection
	GlobalSection(ExtensibilityGlobals) = postSolution
		SolutionGuid = {3A7770C5-EF47-45CC-98BF-7B764D0986A0}
	EndGlobalSection
EndGlobal
